
Microsoft Visual Studio Solution File, Format Version 12.00
# Visual Studio Version 17
VisualStudioVersion = 17.0.31903.59
MinimumVisualStudioVersion = 10.0.40219.1
Project("{FAE04EC0-301F-11D3-BF4B-00C04F79EFBC}") = "Csharp14FeatureSamples", "Csharp14FeatureSamples\Csharp14FeatureSamples.csproj", "{74A7FABD-1492-4DFE-8AFC-E0F06A6CFD3C}"
EndProject
Project("{FAE04EC0-301F-11D3-BF4B-00C04F79EFBC}") = "FunctionalExtensions", "FunctionalExtensions\FunctionalExtensions.csproj", "{B26949A7-4023-4E08-BE32-E4511526A3C8}"
EndProject
Project("{FAE04EC0-301F-11D3-BF4B-00C04F79EFBC}") = "FunctionalExtensions.Tests", "FunctionalExtensions.Tests\FunctionalExtensions.Tests.csproj", "{651CCAE9-ACE1-4927-9F4B-8EE8BE7451C4}"
EndProject
Project("{FAE04EC0-301F-11D3-BF4B-00C04F79EFBC}") = "FunctionalExtensions.CrmSample", "FunctionalExtensions.CrmSample\FunctionalExtensions.CrmSample.csproj", "{4D8A54DA-2101-44A3-B651-65E7C6A0FA58}"
EndProject
Global
	GlobalSection(SolutionConfigurationPlatforms) = preSolution
		Debug|Any CPU = Debug|Any CPU
		Debug|x64 = Debug|x64
		Debug|x86 = Debug|x86
		Release|Any CPU = Release|Any CPU
		Release|x64 = Release|x64
		Release|x86 = Release|x86
	EndGlobalSection
	GlobalSection(ProjectConfigurationPlatforms) = postSolution
		{74A7FABD-1492-4DFE-8AFC-E0F06A6CFD3C}.Debug|Any CPU.ActiveCfg = Debug|Any CPU
		{74A7FABD-1492-4DFE-8AFC-E0F06A6CFD3C}.Debug|Any CPU.Build.0 = Debug|Any CPU
		{74A7FABD-1492-4DFE-8AFC-E0F06A6CFD3C}.Debug|x64.ActiveCfg = Debug|Any CPU
		{74A7FABD-1492-4DFE-8AFC-E0F06A6CFD3C}.Debug|x64.Build.0 = Debug|Any CPU
		{74A7FABD-1492-4DFE-8AFC-E0F06A6CFD3C}.Debug|x86.ActiveCfg = Debug|Any CPU
		{74A7FABD-1492-4DFE-8AFC-E0F06A6CFD3C}.Debug|x86.Build.0 = Debug|Any CPU
		{74A7FABD-1492-4DFE-8AFC-E0F06A6CFD3C}.Release|Any CPU.ActiveCfg = Release|Any CPU
		{74A7FABD-1492-4DFE-8AFC-E0F06A6CFD3C}.Release|Any CPU.Build.0 = Release|Any CPU
		{74A7FABD-1492-4DFE-8AFC-E0F06A6CFD3C}.Release|x64.ActiveCfg = Release|Any CPU
		{74A7FABD-1492-4DFE-8AFC-E0F06A6CFD3C}.Release|x64.Build.0 = Release|Any CPU
		{74A7FABD-1492-4DFE-8AFC-E0F06A6CFD3C}.Release|x86.ActiveCfg = Release|Any CPU
		{74A7FABD-1492-4DFE-8AFC-E0F06A6CFD3C}.Release|x86.Build.0 = Release|Any CPU
		{B26949A7-4023-4E08-BE32-E4511526A3C8}.Debug|Any CPU.ActiveCfg = Debug|Any CPU
		{B26949A7-4023-4E08-BE32-E4511526A3C8}.Debug|Any CPU.Build.0 = Debug|Any CPU
		{B26949A7-4023-4E08-BE32-E4511526A3C8}.Debug|x64.ActiveCfg = Debug|Any CPU
		{B26949A7-4023-4E08-BE32-E4511526A3C8}.Debug|x64.Build.0 = Debug|Any CPU
		{B26949A7-4023-4E08-BE32-E4511526A3C8}.Debug|x86.ActiveCfg = Debug|Any CPU
		{B26949A7-4023-4E08-BE32-E4511526A3C8}.Debug|x86.Build.0 = Debug|Any CPU
		{B26949A7-4023-4E08-BE32-E4511526A3C8}.Release|Any CPU.ActiveCfg = Release|Any CPU
		{B26949A7-4023-4E08-BE32-E4511526A3C8}.Release|Any CPU.Build.0 = Release|Any CPU
		{B26949A7-4023-4E08-BE32-E4511526A3C8}.Release|x64.ActiveCfg = Release|Any CPU
		{B26949A7-4023-4E08-BE32-E4511526A3C8}.Release|x64.Build.0 = Release|Any CPU
		{B26949A7-4023-4E08-BE32-E4511526A3C8}.Release|x86.ActiveCfg = Release|Any CPU
		{B26949A7-4023-4E08-BE32-E4511526A3C8}.Release|x86.Build.0 = Release|Any CPU
		{651CCAE9-ACE1-4927-9F4B-8EE8BE7451C4}.Debug|Any CPU.ActiveCfg = Debug|Any CPU
		{651CCAE9-ACE1-4927-9F4B-8EE8BE7451C4}.Debug|Any CPU.Build.0 = Debug|Any CPU
		{651CCAE9-ACE1-4927-9F4B-8EE8BE7451C4}.Debug|x64.ActiveCfg = Debug|Any CPU
		{651CCAE9-ACE1-4927-9F4B-8EE8BE7451C4}.Debug|x64.Build.0 = Debug|Any CPU
		{651CCAE9-ACE1-4927-9F4B-8EE8BE7451C4}.Debug|x86.ActiveCfg = Debug|Any CPU
		{651CCAE9-ACE1-4927-9F4B-8EE8BE7451C4}.Debug|x86.Build.0 = Debug|Any CPU
		{651CCAE9-ACE1-4927-9F4B-8EE8BE7451C4}.Release|Any CPU.ActiveCfg = Release|Any CPU
		{651CCAE9-ACE1-4927-9F4B-8EE8BE7451C4}.Release|Any CPU.Build.0 = Release|Any CPU
		{651CCAE9-ACE1-4927-9F4B-8EE8BE7451C4}.Release|x64.ActiveCfg = Release|Any CPU
		{651CCAE9-ACE1-4927-9F4B-8EE8BE7451C4}.Release|x64.Build.0 = Release|Any CPU
		{651CCAE9-ACE1-4927-9F4B-8EE8BE7451C4}.Release|x86.ActiveCfg = Release|Any CPU
		{651CCAE9-ACE1-4927-9F4B-8EE8BE7451C4}.Release|x86.Build.0 = Release|Any CPU
		{4D8A54DA-2101-44A3-B651-65E7C6A0FA58}.Debug|Any CPU.ActiveCfg = Debug|Any CPU
		{4D8A54DA-2101-44A3-B651-65E7C6A0FA58}.Debug|Any CPU.Build.0 = Debug|Any CPU
		{4D8A54DA-2101-44A3-B651-65E7C6A0FA58}.Debug|x64.ActiveCfg = Debug|Any CPU
		{4D8A54DA-2101-44A3-B651-65E7C6A0FA58}.Debug|x64.Build.0 = Debug|Any CPU
		{4D8A54DA-2101-44A3-B651-65E7C6A0FA58}.Debug|x86.ActiveCfg = Debug|Any CPU
		{4D8A54DA-2101-44A3-B651-65E7C6A0FA58}.Debug|x86.Build.0 = Debug|Any CPU
		{4D8A54DA-2101-44A3-B651-65E7C6A0FA58}.Release|Any CPU.ActiveCfg = Release|Any CPU
		{4D8A54DA-2101-44A3-B651-65E7C6A0FA58}.Release|Any CPU.Build.0 = Release|Any CPU
		{4D8A54DA-2101-44A3-B651-65E7C6A0FA58}.Release|x64.ActiveCfg = Release|Any CPU
		{4D8A54DA-2101-44A3-B651-65E7C6A0FA58}.Release|x64.Build.0 = Release|Any CPU
		{4D8A54DA-2101-44A3-B651-65E7C6A0FA58}.Release|x86.ActiveCfg = Release|Any CPU
		{4D8A54DA-2101-44A3-B651-65E7C6A0FA58}.Release|x86.Build.0 = Release|Any CPU
	EndGlobalSection
	GlobalSection(SolutionProperties) = preSolution
		HideSolutionNode = FALSE
	EndGlobalSection
EndGlobal
